
Microsoft Visual Studio Solution File, Format Version 12.00
# Visual Studio Version 17
VisualStudioVersion = 17.0.32014.148
MinimumVisualStudioVersion = 10.0.40219.1
Project("{FAE04EC0-301F-11D3-BF4B-00C04F79EFBC}") = "KataAttemptThree", "KataAttemptThree\KataAttemptThree.csproj", "{11CB5DD7-0D07-4282-9650-5961AD4CF0F7}"
EndProject
Project("{FAE04EC0-301F-11D3-BF4B-00C04F79EFBC}") = "KataAttemptThreeTest", "KataAttemptThreeTest\KataAttemptThreeTest.csproj", "{34035510-E237-45CB-ABE9-39D08FABF116}"
EndProject
Project("{2150E333-8FDC-42A3-9474-1A3956D46DE8}") = "Solution Items", "Solution Items", "{0662EDE0-F87D-4036-94BE-13DFAB6269FA}"
	ProjectSection(SolutionItems) = preProject
		.gitignore = .gitignore
	EndProjectSection
EndProject
Global
	GlobalSection(SolutionConfigurationPlatforms) = preSolution
		Debug|Any CPU = Debug|Any CPU
		Release|Any CPU = Release|Any CPU
	EndGlobalSection
	GlobalSection(ProjectConfigurationPlatforms) = postSolution
		{11CB5DD7-0D07-4282-9650-5961AD4CF0F7}.Debug|Any CPU.ActiveCfg = Debug|Any CPU
		{11CB5DD7-0D07-4282-9650-5961AD4CF0F7}.Debug|Any CPU.Build.0 = Debug|Any CPU
		{11CB5DD7-0D07-4282-9650-5961AD4CF0F7}.Release|Any CPU.ActiveCfg = Release|Any CPU
		{11CB5DD7-0D07-4282-9650-5961AD4CF0F7}.Release|Any CPU.Build.0 = Release|Any CPU
		{34035510-E237-45CB-ABE9-39D08FABF116}.Debug|Any CPU.ActiveCfg = Debug|Any CPU
		{34035510-E237-45CB-ABE9-39D08FABF116}.Debug|Any CPU.Build.0 = Debug|Any CPU
		{34035510-E237-45CB-ABE9-39D08FABF116}.Release|Any CPU.ActiveCfg = Release|Any CPU
		{34035510-E237-45CB-ABE9-39D08FABF116}.Release|Any CPU.Build.0 = Release|Any CPU
	EndGlobalSection
	GlobalSection(SolutionProperties) = preSolution
		HideSolutionNode = FALSE
	EndGlobalSection
	GlobalSection(ExtensibilityGlobals) = postSolution
		SolutionGuid = {B4DF61F7-9009-495C-B891-0A2D6EF4785F}
	EndGlobalSection
EndGlobal
